
Microsoft Visual Studio Solution File, Format Version 12.00
# Visual Studio Version 16
VisualStudioVersion = 16.0.30114.105
MinimumVisualStudioVersion = 10.0.40219.1
Project("{2150E333-8FDC-42A3-9474-1A3956D46DE8}") = "src", "src", "{A121F558-DCDE-4E9F-927D-592A7E34E638}"
EndProject
Project("{FAE04EC0-301F-11D3-BF4B-00C04F79EFBC}") = "GSalvi.EventSourcing.MongoDb", "src\GSalvi.EventSourcing.MongoDb\GSalvi.EventSourcing.MongoDb.csproj", "{602E5698-D0F6-43D3-9AE8-3F809AD4886C}"
EndProject
Project("{2150E333-8FDC-42A3-9474-1A3956D46DE8}") = "tests", "tests", "{8AD4DD9F-73DE-4F35-A666-EC993672611F}"
EndProject
Project("{FAE04EC0-301F-11D3-BF4B-00C04F79EFBC}") = "GSalvi.EventSourcing.MongoDb.Tests", "tests\GSalvi.EventSourcing.MongoDb.Tests\GSalvi.EventSourcing.MongoDb.Tests.csproj", "{6A6F7F63-5342-4F82-B372-4AE40FDC00E1}"
EndProject
Global
	GlobalSection(SolutionConfigurationPlatforms) = preSolution
		Debug|Any CPU = Debug|Any CPU
		Release|Any CPU = Release|Any CPU
	EndGlobalSection
	GlobalSection(SolutionProperties) = preSolution
		HideSolutionNode = FALSE
	EndGlobalSection
	GlobalSection(ProjectConfigurationPlatforms) = postSolution
		{602E5698-D0F6-43D3-9AE8-3F809AD4886C}.Debug|Any CPU.ActiveCfg = Debug|Any CPU
		{602E5698-D0F6-43D3-9AE8-3F809AD4886C}.Debug|Any CPU.Build.0 = Debug|Any CPU
		{602E5698-D0F6-43D3-9AE8-3F809AD4886C}.Release|Any CPU.ActiveCfg = Release|Any CPU
		{602E5698-D0F6-43D3-9AE8-3F809AD4886C}.Release|Any CPU.Build.0 = Release|Any CPU
		{6A6F7F63-5342-4F82-B372-4AE40FDC00E1}.Debug|Any CPU.ActiveCfg = Debug|Any CPU
		{6A6F7F63-5342-4F82-B372-4AE40FDC00E1}.Debug|Any CPU.Build.0 = Debug|Any CPU
		{6A6F7F63-5342-4F82-B372-4AE40FDC00E1}.Release|Any CPU.ActiveCfg = Release|Any CPU
		{6A6F7F63-5342-4F82-B372-4AE40FDC00E1}.Release|Any CPU.Build.0 = Release|Any CPU
	EndGlobalSection
	GlobalSection(NestedProjects) = preSolution
		{602E5698-D0F6-43D3-9AE8-3F809AD4886C} = {A121F558-DCDE-4E9F-927D-592A7E34E638}
		{6A6F7F63-5342-4F82-B372-4AE40FDC00E1} = {8AD4DD9F-73DE-4F35-A666-EC993672611F}
	EndGlobalSection
EndGlobal
